// !$*UTF8*$!
{
	archiveVersion = 1;
	classes = {
	};
	objectVersion = 52;
	objects = {

/* Begin PBXBuildFile section */
		B922CB6725DFF4BB00F52380 /* LoginViewController.swift in Sources */ = {isa = PBXBuildFile; fileRef = B922CB6525DFF4BB00F52380 /* LoginViewController.swift */; };
		B922CB6825DFF4BB00F52380 /* LoginViewController.xib in Resources */ = {isa = PBXBuildFile; fileRef = B922CB6625DFF4BB00F52380 /* LoginViewController.xib */; };
		B922CB7625E004B100F52380 /* LoginPresenter.swift in Sources */ = {isa = PBXBuildFile; fileRef = B922CB7525E004B100F52380 /* LoginPresenter.swift */; };
		B922CB7925E006D400F52380 /* LoginViewProtocol.swift in Sources */ = {isa = PBXBuildFile; fileRef = B922CB7825E006D400F52380 /* LoginViewProtocol.swift */; };
		B922CB8025E03E4A00F52380 /* LoginPresenterProtocol.swift in Sources */ = {isa = PBXBuildFile; fileRef = B922CB7F25E03E4A00F52380 /* LoginPresenterProtocol.swift */; };
		B922CB8725E0AC8200F52380 /* PostsTableViewController.swift in Sources */ = {isa = PBXBuildFile; fileRef = B922CB8525E0AC8200F52380 /* PostsTableViewController.swift */; };
		B922CB8825E0AC8200F52380 /* PostsTableViewController.xib in Resources */ = {isa = PBXBuildFile; fileRef = B922CB8625E0AC8200F52380 /* PostsTableViewController.xib */; };
		B922CB8C25E0ACB400F52380 /* PostsSceneBuilder.swift in Sources */ = {isa = PBXBuildFile; fileRef = B922CB8B25E0ACB400F52380 /* PostsSceneBuilder.swift */; };
		B922CB9025E0AD2C00F52380 /* PostsPresenter.swift in Sources */ = {isa = PBXBuildFile; fileRef = B922CB8F25E0AD2C00F52380 /* PostsPresenter.swift */; };
		B922CB9325E0AD8200F52380 /* PostsPresenterProtocol.swift in Sources */ = {isa = PBXBuildFile; fileRef = B922CB9225E0AD8200F52380 /* PostsPresenterProtocol.swift */; };
		B922CB9625E0AE5600F52380 /* PostsViewProtocol.swift in Sources */ = {isa = PBXBuildFile; fileRef = B922CB9525E0AE5600F52380 /* PostsViewProtocol.swift */; };
		B922CB9F25E0DBA000F52380 /* GoogleService-Info.plist in Resources */ = {isa = PBXBuildFile; fileRef = B922CB9E25E0DBA000F52380 /* GoogleService-Info.plist */; };
		B922CBA325E0F2C000F52380 /* AuthService.swift in Sources */ = {isa = PBXBuildFile; fileRef = B922CBA225E0F2C000F52380 /* AuthService.swift */; };
		B922CBA725E0F40500F52380 /* FirebaseAuthService.swift in Sources */ = {isa = PBXBuildFile; fileRef = B922CBA625E0F40500F52380 /* FirebaseAuthService.swift */; };
		B922CBAB25E182A700F52380 /* EmailUtils.swift in Sources */ = {isa = PBXBuildFile; fileRef = B922CBAA25E182A700F52380 /* EmailUtils.swift */; };
		B922CBAF25E4577D00F52380 /* StorageService.swift in Sources */ = {isa = PBXBuildFile; fileRef = B922CBAE25E4577D00F52380 /* StorageService.swift */; };
		B922CBB225E458E700F52380 /* FirebaseCloudStorageService.swift in Sources */ = {isa = PBXBuildFile; fileRef = B922CBB125E458E700F52380 /* FirebaseCloudStorageService.swift */; };
		B922CBB825E461FD00F52380 /* NewPostViewController.swift in Sources */ = {isa = PBXBuildFile; fileRef = B922CBB625E461FD00F52380 /* NewPostViewController.swift */; };
		B922CBB925E461FD00F52380 /* NewPostViewController.xib in Resources */ = {isa = PBXBuildFile; fileRef = B922CBB725E461FD00F52380 /* NewPostViewController.xib */; };
		B922CBBD25E48BA700F52380 /* FirebaseFirestoreSwift-Beta in Frameworks */ = {isa = PBXBuildFile; productRef = B922CBBC25E48BA700F52380 /* FirebaseFirestoreSwift-Beta */; };
		B922CBBF25E48BA700F52380 /* FirebaseAuth in Frameworks */ = {isa = PBXBuildFile; productRef = B922CBBE25E48BA700F52380 /* FirebaseAuth */; };
		B922CBC125E48BA700F52380 /* FirebaseStorageSwift-Beta in Frameworks */ = {isa = PBXBuildFile; productRef = B922CBC025E48BA700F52380 /* FirebaseStorageSwift-Beta */; };
		B922CBC325E48BA700F52380 /* FirebaseDatabase in Frameworks */ = {isa = PBXBuildFile; productRef = B922CBC225E48BA700F52380 /* FirebaseDatabase */; };
		B922CBC625E493CE00F52380 /* DatabaseService.swift in Sources */ = {isa = PBXBuildFile; fileRef = B922CBC525E493CE00F52380 /* DatabaseService.swift */; };
		B922CBCA25E4944000F52380 /* Post.swift in Sources */ = {isa = PBXBuildFile; fileRef = B922CBC925E4944000F52380 /* Post.swift */; };
		B922CBCE25E4967C00F52380 /* FirebaseCloudFirestoreService.swift in Sources */ = {isa = PBXBuildFile; fileRef = B922CBCD25E4967C00F52380 /* FirebaseCloudFirestoreService.swift */; };
		B922CBD225E4A29500F52380 /* NewPostSceneBuilder.swift in Sources */ = {isa = PBXBuildFile; fileRef = B922CBD125E4A29500F52380 /* NewPostSceneBuilder.swift */; };
		B922CBD725E4A38700F52380 /* NewPostPresenter.swift in Sources */ = {isa = PBXBuildFile; fileRef = B922CBD625E4A38700F52380 /* NewPostPresenter.swift */; };
		B922CBDA25E4A53800F52380 /* NewPostViewProtocol.swift in Sources */ = {isa = PBXBuildFile; fileRef = B922CBD925E4A53800F52380 /* NewPostViewProtocol.swift */; };
		B922CBDD25E4A8A900F52380 /* NewPostPresenterProtocol.swift in Sources */ = {isa = PBXBuildFile; fileRef = B922CBDC25E4A8A900F52380 /* NewPostPresenterProtocol.swift */; };
		B922CBE225E4E38100F52380 /* PostPresentationModel.swift in Sources */ = {isa = PBXBuildFile; fileRef = B922CBE125E4E38100F52380 /* PostPresentationModel.swift */; };
		B922CBE625E4F58200F52380 /* PostTableViewCell.swift in Sources */ = {isa = PBXBuildFile; fileRef = B922CBE525E4F58200F52380 /* PostTableViewCell.swift */; };
		B922CBE925E5009200F52380 /* StringFormater.swift in Sources */ = {isa = PBXBuildFile; fileRef = B922CBE825E5009200F52380 /* StringFormater.swift */; };
		B95AB02125DED1680048564B /* LoginSceneBuilder.swift in Sources */ = {isa = PBXBuildFile; fileRef = B95AB02025DED1680048564B /* LoginSceneBuilder.swift */; };
		B99465AA25DECADD00A74A4F /* AppDelegate.swift in Sources */ = {isa = PBXBuildFile; fileRef = B99465A925DECADD00A74A4F /* AppDelegate.swift */; };
		B99465AC25DECADD00A74A4F /* SceneDelegate.swift in Sources */ = {isa = PBXBuildFile; fileRef = B99465AB25DECADD00A74A4F /* SceneDelegate.swift */; };
		B99465B325DECADD00A74A4F /* Assets.xcassets in Resources */ = {isa = PBXBuildFile; fileRef = B99465B225DECADD00A74A4F /* Assets.xcassets */; };
		B99465B625DECADD00A74A4F /* LaunchScreen.storyboard in Resources */ = {isa = PBXBuildFile; fileRef = B99465B425DECADD00A74A4F /* LaunchScreen.storyboard */; };
/* End PBXBuildFile section */

/* Begin PBXFileReference section */
		B922CB6525DFF4BB00F52380 /* LoginViewController.swift */ = {isa = PBXFileReference; lastKnownFileType = sourcecode.swift; path = LoginViewController.swift; sourceTree = "<group>"; };
		B922CB6625DFF4BB00F52380 /* LoginViewController.xib */ = {isa = PBXFileReference; lastKnownFileType = file.xib; path = LoginViewController.xib; sourceTree = "<group>"; };
		B922CB7525E004B100F52380 /* LoginPresenter.swift */ = {isa = PBXFileReference; lastKnownFileType = sourcecode.swift; path = LoginPresenter.swift; sourceTree = "<group>"; };
		B922CB7825E006D400F52380 /* LoginViewProtocol.swift */ = {isa = PBXFileReference; lastKnownFileType = sourcecode.swift; path = LoginViewProtocol.swift; sourceTree = "<group>"; };
		B922CB7F25E03E4A00F52380 /* LoginPresenterProtocol.swift */ = {isa = PBXFileReference; lastKnownFileType = sourcecode.swift; path = LoginPresenterProtocol.swift; sourceTree = "<group>"; };
		B922CB8525E0AC8200F52380 /* PostsTableViewController.swift */ = {isa = PBXFileReference; lastKnownFileType = sourcecode.swift; path = PostsTableViewController.swift; sourceTree = "<group>"; };
		B922CB8625E0AC8200F52380 /* PostsTableViewController.xib */ = {isa = PBXFileReference; lastKnownFileType = file.xib; path = PostsTableViewController.xib; sourceTree = "<group>"; };
		B922CB8B25E0ACB400F52380 /* PostsSceneBuilder.swift */ = {isa = PBXFileReference; lastKnownFileType = sourcecode.swift; path = PostsSceneBuilder.swift; sourceTree = "<group>"; };
		B922CB8F25E0AD2C00F52380 /* PostsPresenter.swift */ = {isa = PBXFileReference; lastKnownFileType = sourcecode.swift; path = PostsPresenter.swift; sourceTree = "<group>"; };
		B922CB9225E0AD8200F52380 /* PostsPresenterProtocol.swift */ = {isa = PBXFileReference; lastKnownFileType = sourcecode.swift; path = PostsPresenterProtocol.swift; sourceTree = "<group>"; };
		B922CB9525E0AE5600F52380 /* PostsViewProtocol.swift */ = {isa = PBXFileReference; lastKnownFileType = sourcecode.swift; path = PostsViewProtocol.swift; sourceTree = "<group>"; };
		B922CB9E25E0DBA000F52380 /* GoogleService-Info.plist */ = {isa = PBXFileReference; fileEncoding = 4; lastKnownFileType = text.plist.xml; path = "GoogleService-Info.plist"; sourceTree = "<group>"; };
		B922CBA225E0F2C000F52380 /* AuthService.swift */ = {isa = PBXFileReference; lastKnownFileType = sourcecode.swift; path = AuthService.swift; sourceTree = "<group>"; };
		B922CBA625E0F40500F52380 /* FirebaseAuthService.swift */ = {isa = PBXFileReference; lastKnownFileType = sourcecode.swift; path = FirebaseAuthService.swift; sourceTree = "<group>"; };
		B922CBAA25E182A700F52380 /* EmailUtils.swift */ = {isa = PBXFileReference; lastKnownFileType = sourcecode.swift; path = EmailUtils.swift; sourceTree = "<group>"; };
		B922CBAE25E4577D00F52380 /* StorageService.swift */ = {isa = PBXFileReference; lastKnownFileType = sourcecode.swift; path = StorageService.swift; sourceTree = "<group>"; };
		B922CBB125E458E700F52380 /* FirebaseCloudStorageService.swift */ = {isa = PBXFileReference; lastKnownFileType = sourcecode.swift; path = FirebaseCloudStorageService.swift; sourceTree = "<group>"; };
		B922CBB625E461FD00F52380 /* NewPostViewController.swift */ = {isa = PBXFileReference; lastKnownFileType = sourcecode.swift; path = NewPostViewController.swift; sourceTree = "<group>"; };
		B922CBB725E461FD00F52380 /* NewPostViewController.xib */ = {isa = PBXFileReference; lastKnownFileType = file.xib; path = NewPostViewController.xib; sourceTree = "<group>"; };
		B922CBC525E493CE00F52380 /* DatabaseService.swift */ = {isa = PBXFileReference; lastKnownFileType = sourcecode.swift; path = DatabaseService.swift; sourceTree = "<group>"; };
		B922CBC925E4944000F52380 /* Post.swift */ = {isa = PBXFileReference; lastKnownFileType = sourcecode.swift; path = Post.swift; sourceTree = "<group>"; };
		B922CBCD25E4967C00F52380 /* FirebaseCloudFirestoreService.swift */ = {isa = PBXFileReference; lastKnownFileType = sourcecode.swift; path = FirebaseCloudFirestoreService.swift; sourceTree = "<group>"; };
		B922CBD125E4A29500F52380 /* NewPostSceneBuilder.swift */ = {isa = PBXFileReference; lastKnownFileType = sourcecode.swift; path = NewPostSceneBuilder.swift; sourceTree = "<group>"; };
		B922CBD625E4A38700F52380 /* NewPostPresenter.swift */ = {isa = PBXFileReference; lastKnownFileType = sourcecode.swift; path = NewPostPresenter.swift; sourceTree = "<group>"; };
		B922CBD925E4A53800F52380 /* NewPostViewProtocol.swift */ = {isa = PBXFileReference; lastKnownFileType = sourcecode.swift; path = NewPostViewProtocol.swift; sourceTree = "<group>"; };
		B922CBDC25E4A8A900F52380 /* NewPostPresenterProtocol.swift */ = {isa = PBXFileReference; lastKnownFileType = sourcecode.swift; path = NewPostPresenterProtocol.swift; sourceTree = "<group>"; };
		B922CBE125E4E38100F52380 /* PostPresentationModel.swift */ = {isa = PBXFileReference; lastKnownFileType = sourcecode.swift; path = PostPresentationModel.swift; sourceTree = "<group>"; };
		B922CBE525E4F58200F52380 /* PostTableViewCell.swift */ = {isa = PBXFileReference; lastKnownFileType = sourcecode.swift; path = PostTableViewCell.swift; sourceTree = "<group>"; };
		B922CBE825E5009200F52380 /* StringFormater.swift */ = {isa = PBXFileReference; lastKnownFileType = sourcecode.swift; path = StringFormater.swift; sourceTree = "<group>"; };
		B95AB02025DED1680048564B /* LoginSceneBuilder.swift */ = {isa = PBXFileReference; lastKnownFileType = sourcecode.swift; path = LoginSceneBuilder.swift; sourceTree = "<group>"; };
		B99465A625DECADD00A74A4F /* Vidstagram.app */ = {isa = PBXFileReference; explicitFileType = wrapper.application; includeInIndex = 0; path = Vidstagram.app; sourceTree = BUILT_PRODUCTS_DIR; };
		B99465A925DECADD00A74A4F /* AppDelegate.swift */ = {isa = PBXFileReference; lastKnownFileType = sourcecode.swift; path = AppDelegate.swift; sourceTree = "<group>"; };
		B99465AB25DECADD00A74A4F /* SceneDelegate.swift */ = {isa = PBXFileReference; lastKnownFileType = sourcecode.swift; path = SceneDelegate.swift; sourceTree = "<group>"; };
		B99465B225DECADD00A74A4F /* Assets.xcassets */ = {isa = PBXFileReference; lastKnownFileType = folder.assetcatalog; path = Assets.xcassets; sourceTree = "<group>"; };
		B99465B525DECADD00A74A4F /* Base */ = {isa = PBXFileReference; lastKnownFileType = file.storyboard; name = Base; path = Base.lproj/LaunchScreen.storyboard; sourceTree = "<group>"; };
		B99465B725DECADD00A74A4F /* Info.plist */ = {isa = PBXFileReference; lastKnownFileType = text.plist.xml; path = Info.plist; sourceTree = "<group>"; };
/* End PBXFileReference section */

/* Begin PBXFrameworksBuildPhase section */
		B99465A325DECADD00A74A4F /* Frameworks */ = {
			isa = PBXFrameworksBuildPhase;
			buildActionMask = 2147483647;
			files = (
				B922CBBD25E48BA700F52380 /* FirebaseFirestoreSwift-Beta in Frameworks */,
				B922CBBF25E48BA700F52380 /* FirebaseAuth in Frameworks */,
				B922CBC325E48BA700F52380 /* FirebaseDatabase in Frameworks */,
				B922CBC125E48BA700F52380 /* FirebaseStorageSwift-Beta in Frameworks */,
			);
			runOnlyForDeploymentPostprocessing = 0;
		};
/* End PBXFrameworksBuildPhase section */

/* Begin PBXGroup section */
		B922CB7425E0039000F52380 /* Presenter */ = {
			isa = PBXGroup;
			children = (
				B922CB7525E004B100F52380 /* LoginPresenter.swift */,
				B922CB7F25E03E4A00F52380 /* LoginPresenterProtocol.swift */,
			);
			path = Presenter;
			sourceTree = "<group>";
		};
		B922CB8325E0AC3D00F52380 /* Posts */ = {
			isa = PBXGroup;
			children = (
				B922CB8425E0AC4C00F52380 /* View */,
				B922CB8E25E0AD0F00F52380 /* Presenter */,
				B922CB8A25E0AC8C00F52380 /* Builder */,
			);
			path = Posts;
			sourceTree = "<group>";
		};
		B922CB8425E0AC4C00F52380 /* View */ = {
			isa = PBXGroup;
			children = (
				B922CB8525E0AC8200F52380 /* PostsTableViewController.swift */,
				B922CB8625E0AC8200F52380 /* PostsTableViewController.xib */,
				B922CB9525E0AE5600F52380 /* PostsViewProtocol.swift */,
				B922CBE525E4F58200F52380 /* PostTableViewCell.swift */,
			);
			path = View;
			sourceTree = "<group>";
		};
		B922CB8A25E0AC8C00F52380 /* Builder */ = {
			isa = PBXGroup;
			children = (
				B922CB8B25E0ACB400F52380 /* PostsSceneBuilder.swift */,
			);
			path = Builder;
			sourceTree = "<group>";
		};
		B922CB8E25E0AD0F00F52380 /* Presenter */ = {
			isa = PBXGroup;
			children = (
				B922CB8F25E0AD2C00F52380 /* PostsPresenter.swift */,
				B922CB9225E0AD8200F52380 /* PostsPresenterProtocol.swift */,
			);
			path = Presenter;
			sourceTree = "<group>";
		};
		B922CBA125E0F29F00F52380 /* Services */ = {
			isa = PBXGroup;
			children = (
				B922CBA525E0F3E900F52380 /* Impl */,
				B922CBA225E0F2C000F52380 /* AuthService.swift */,
				B922CBAE25E4577D00F52380 /* StorageService.swift */,
				B922CBC525E493CE00F52380 /* DatabaseService.swift */,
			);
			path = Services;
			sourceTree = "<group>";
		};
		B922CBA525E0F3E900F52380 /* Impl */ = {
			isa = PBXGroup;
			children = (
				B922CBA625E0F40500F52380 /* FirebaseAuthService.swift */,
				B922CBB125E458E700F52380 /* FirebaseCloudStorageService.swift */,
				B922CBCD25E4967C00F52380 /* FirebaseCloudFirestoreService.swift */,
			);
			path = Impl;
			sourceTree = "<group>";
		};
		B922CBA925E1824D00F52380 /* Utils */ = {
			isa = PBXGroup;
			children = (
				B922CBAA25E182A700F52380 /* EmailUtils.swift */,
				B922CBE825E5009200F52380 /* StringFormater.swift */,
			);
			path = Utils;
			sourceTree = "<group>";
		};
		B922CBB425E4615A00F52380 /* New Post */ = {
			isa = PBXGroup;
			children = (
				B922CBB525E461A300F52380 /* View */,
				B922CBD525E4A36700F52380 /* Presenter */,
				B922CBD025E4A26600F52380 /* Builder */,
			);
			path = "New Post";
			sourceTree = "<group>";
		};
		B922CBB525E461A300F52380 /* View */ = {
			isa = PBXGroup;
			children = (
				B922CBB625E461FD00F52380 /* NewPostViewController.swift */,
				B922CBB725E461FD00F52380 /* NewPostViewController.xib */,
				B922CBD925E4A53800F52380 /* NewPostViewProtocol.swift */,
			);
			path = View;
			sourceTree = "<group>";
		};
		B922CBC825E4942A00F52380 /* Models */ = {
			isa = PBXGroup;
			children = (
				B922CBE025E4E35F00F52380 /* Presentation Models */,
				B922CBC925E4944000F52380 /* Post.swift */,
			);
			path = Models;
			sourceTree = "<group>";
		};
		B922CBD025E4A26600F52380 /* Builder */ = {
			isa = PBXGroup;
			children = (
				B922CBD125E4A29500F52380 /* NewPostSceneBuilder.swift */,
			);
			path = Builder;
			sourceTree = "<group>";
		};
		B922CBD525E4A36700F52380 /* Presenter */ = {
			isa = PBXGroup;
			children = (
				B922CBD625E4A38700F52380 /* NewPostPresenter.swift */,
				B922CBDC25E4A8A900F52380 /* NewPostPresenterProtocol.swift */,
			);
			path = Presenter;
			sourceTree = "<group>";
		};
		B922CBE025E4E35F00F52380 /* Presentation Models */ = {
			isa = PBXGroup;
			children = (
				B922CBE125E4E38100F52380 /* PostPresentationModel.swift */,
			);
			path = "Presentation Models";
			sourceTree = "<group>";
		};
		B95AB01E25DED1360048564B /* View */ = {
			isa = PBXGroup;
			children = (
				B922CB6525DFF4BB00F52380 /* LoginViewController.swift */,
				B922CB6625DFF4BB00F52380 /* LoginViewController.xib */,
				B922CB7825E006D400F52380 /* LoginViewProtocol.swift */,
			);
			path = View;
			sourceTree = "<group>";
		};
		B95AB01F25DED1440048564B /* Builder */ = {
			isa = PBXGroup;
			children = (
				B95AB02025DED1680048564B /* LoginSceneBuilder.swift */,
			);
			path = Builder;
			sourceTree = "<group>";
		};
		B994659D25DECADD00A74A4F = {
			isa = PBXGroup;
			children = (
				B99465A825DECADD00A74A4F /* Vidstagram */,
				B99465A725DECADD00A74A4F /* Products */,
			);
			sourceTree = "<group>";
		};
		B99465A725DECADD00A74A4F /* Products */ = {
			isa = PBXGroup;
			children = (
				B99465A625DECADD00A74A4F /* Vidstagram.app */,
			);
			name = Products;
			sourceTree = "<group>";
		};
		B99465A825DECADD00A74A4F /* Vidstagram */ = {
			isa = PBXGroup;
			children = (
				B99465C925DECD6400A74A4F /* Application */,
				B922CBA125E0F29F00F52380 /* Services */,
				B99465BE25DECB1800A74A4F /* Scenes */,
				B922CBC825E4942A00F52380 /* Models */,
				B922CBA925E1824D00F52380 /* Utils */,
			);
			path = Vidstagram;
			sourceTree = "<group>";
		};
		B99465BE25DECB1800A74A4F /* Scenes */ = {
			isa = PBXGroup;
			children = (
				B922CBB425E4615A00F52380 /* New Post */,
				B922CB8325E0AC3D00F52380 /* Posts */,
				B99465BF25DECB2100A74A4F /* Login */,
			);
			path = Scenes;
			sourceTree = "<group>";
		};
		B99465BF25DECB2100A74A4F /* Login */ = {
			isa = PBXGroup;
			children = (
				B95AB01E25DED1360048564B /* View */,
				B922CB7425E0039000F52380 /* Presenter */,
				B95AB01F25DED1440048564B /* Builder */,
			);
			path = Login;
			sourceTree = "<group>";
		};
		B99465C925DECD6400A74A4F /* Application */ = {
			isa = PBXGroup;
			children = (
				B99465CB25DECD8900A74A4F /* Assets */,
				B99465AB25DECADD00A74A4F /* SceneDelegate.swift */,
				B99465A925DECADD00A74A4F /* AppDelegate.swift */,
				B99465B725DECADD00A74A4F /* Info.plist */,
			);
			path = Application;
			sourceTree = "<group>";
		};
		B99465CB25DECD8900A74A4F /* Assets */ = {
			isa = PBXGroup;
			children = (
				B922CB9E25E0DBA000F52380 /* GoogleService-Info.plist */,
				B99465B425DECADD00A74A4F /* LaunchScreen.storyboard */,
				B99465B225DECADD00A74A4F /* Assets.xcassets */,
			);
			path = Assets;
			sourceTree = "<group>";
		};
/* End PBXGroup section */

/* Begin PBXNativeTarget section */
		B99465A525DECADD00A74A4F /* Vidstagram */ = {
			isa = PBXNativeTarget;
			buildConfigurationList = B99465BA25DECADD00A74A4F /* Build configuration list for PBXNativeTarget "Vidstagram" */;
			buildPhases = (
				B99465A225DECADD00A74A4F /* Sources */,
				B99465A325DECADD00A74A4F /* Frameworks */,
				B99465A425DECADD00A74A4F /* Resources */,
			);
			buildRules = (
			);
			dependencies = (
			);
			name = Vidstagram;
			packageProductDependencies = (
				B922CBBC25E48BA700F52380 /* FirebaseFirestoreSwift-Beta */,
				B922CBBE25E48BA700F52380 /* FirebaseAuth */,
				B922CBC025E48BA700F52380 /* FirebaseStorageSwift-Beta */,
				B922CBC225E48BA700F52380 /* FirebaseDatabase */,
			);
			productName = Vidstagram;
			productReference = B99465A625DECADD00A74A4F /* Vidstagram.app */;
			productType = "com.apple.product-type.application";
		};
/* End PBXNativeTarget section */

/* Begin PBXProject section */
		B994659E25DECADD00A74A4F /* Project object */ = {
			isa = PBXProject;
			attributes = {
				LastSwiftUpdateCheck = 1240;
				LastUpgradeCheck = 1240;
				TargetAttributes = {
					B99465A525DECADD00A74A4F = {
						CreatedOnToolsVersion = 12.4;
					};
				};
			};
			buildConfigurationList = B99465A125DECADD00A74A4F /* Build configuration list for PBXProject "Vidstagram" */;
			compatibilityVersion = "Xcode 9.3";
			developmentRegion = en;
			hasScannedForEncodings = 0;
			knownRegions = (
				en,
				Base,
			);
			mainGroup = B994659D25DECADD00A74A4F;
			packageReferences = (
				B922CBBB25E48BA700F52380 /* XCRemoteSwiftPackageReference "firebase-ios-sdk" */,
			);
			productRefGroup = B99465A725DECADD00A74A4F /* Products */;
			projectDirPath = "";
			projectRoot = "";
			targets = (
				B99465A525DECADD00A74A4F /* Vidstagram */,
			);
		};
/* End PBXProject section */

/* Begin PBXResourcesBuildPhase section */
		B99465A425DECADD00A74A4F /* Resources */ = {
			isa = PBXResourcesBuildPhase;
			buildActionMask = 2147483647;
			files = (
				B99465B625DECADD00A74A4F /* LaunchScreen.storyboard in Resources */,
				B922CBB925E461FD00F52380 /* NewPostViewController.xib in Resources */,
				B922CB8825E0AC8200F52380 /* PostsTableViewController.xib in Resources */,
				B922CB9F25E0DBA000F52380 /* GoogleService-Info.plist in Resources */,
				B99465B325DECADD00A74A4F /* Assets.xcassets in Resources */,
				B922CB6825DFF4BB00F52380 /* LoginViewController.xib in Resources */,
			);
			runOnlyForDeploymentPostprocessing = 0;
		};
/* End PBXResourcesBuildPhase section */

/* Begin PBXSourcesBuildPhase section */
		B99465A225DECADD00A74A4F /* Sources */ = {
			isa = PBXSourcesBuildPhase;
			buildActionMask = 2147483647;
			files = (
				B922CB6725DFF4BB00F52380 /* LoginViewController.swift in Sources */,
				B922CBDA25E4A53800F52380 /* NewPostViewProtocol.swift in Sources */,
				B922CBD225E4A29500F52380 /* NewPostSceneBuilder.swift in Sources */,
				B922CB8725E0AC8200F52380 /* PostsTableViewController.swift in Sources */,
				B95AB02125DED1680048564B /* LoginSceneBuilder.swift in Sources */,
				B99465AA25DECADD00A74A4F /* AppDelegate.swift in Sources */,
				B922CBE925E5009200F52380 /* StringFormater.swift in Sources */,
				B922CBDD25E4A8A900F52380 /* NewPostPresenterProtocol.swift in Sources */,
				B922CB9625E0AE5600F52380 /* PostsViewProtocol.swift in Sources */,
				B922CBCE25E4967C00F52380 /* FirebaseCloudFirestoreService.swift in Sources */,
				B922CBC625E493CE00F52380 /* DatabaseService.swift in Sources */,
				B922CBB825E461FD00F52380 /* NewPostViewController.swift in Sources */,
				B922CBAF25E4577D00F52380 /* StorageService.swift in Sources */,
				B922CB8C25E0ACB400F52380 /* PostsSceneBuilder.swift in Sources */,
				B922CBE225E4E38100F52380 /* PostPresentationModel.swift in Sources */,
				B922CBAB25E182A700F52380 /* EmailUtils.swift in Sources */,
				B922CBA725E0F40500F52380 /* FirebaseAuthService.swift in Sources */,
				B922CBA325E0F2C000F52380 /* AuthService.swift in Sources */,
				B99465AC25DECADD00A74A4F /* SceneDelegate.swift in Sources */,
				B922CB7925E006D400F52380 /* LoginViewProtocol.swift in Sources */,
				B922CB9325E0AD8200F52380 /* PostsPresenterProtocol.swift in Sources */,
				B922CB7625E004B100F52380 /* LoginPresenter.swift in Sources */,
				B922CBB225E458E700F52380 /* FirebaseCloudStorageService.swift in Sources */,
				B922CB9025E0AD2C00F52380 /* PostsPresenter.swift in Sources */,
				B922CBD725E4A38700F52380 /* NewPostPresenter.swift in Sources */,
				B922CB8025E03E4A00F52380 /* LoginPresenterProtocol.swift in Sources */,
				B922CBCA25E4944000F52380 /* Post.swift in Sources */,
				B922CBE625E4F58200F52380 /* PostTableViewCell.swift in Sources */,
			);
			runOnlyForDeploymentPostprocessing = 0;
		};
/* End PBXSourcesBuildPhase section */

/* Begin PBXVariantGroup section */
		B99465B425DECADD00A74A4F /* LaunchScreen.storyboard */ = {
			isa = PBXVariantGroup;
			children = (
				B99465B525DECADD00A74A4F /* Base */,
			);
			name = LaunchScreen.storyboard;
			sourceTree = "<group>";
		};
/* End PBXVariantGroup section */

/* Begin XCBuildConfiguration section */
		B99465B825DECADD00A74A4F /* Debug */ = {
			isa = XCBuildConfiguration;
			buildSettings = {
				ALWAYS_SEARCH_USER_PATHS = NO;
				CLANG_ANALYZER_NONNULL = YES;
				CLANG_ANALYZER_NUMBER_OBJECT_CONVERSION = YES_AGGRESSIVE;
				CLANG_CXX_LANGUAGE_STANDARD = "gnu++14";
				CLANG_CXX_LIBRARY = "libc++";
				CLANG_ENABLE_MODULES = YES;
				CLANG_ENABLE_OBJC_ARC = YES;
				CLANG_ENABLE_OBJC_WEAK = YES;
				CLANG_WARN_BLOCK_CAPTURE_AUTORELEASING = YES;
				CLANG_WARN_BOOL_CONVERSION = YES;
				CLANG_WARN_COMMA = YES;
				CLANG_WARN_CONSTANT_CONVERSION = YES;
				CLANG_WARN_DEPRECATED_OBJC_IMPLEMENTATIONS = YES;
				CLANG_WARN_DIRECT_OBJC_ISA_USAGE = YES_ERROR;
				CLANG_WARN_DOCUMENTATION_COMMENTS = YES;
				CLANG_WARN_EMPTY_BODY = YES;
				CLANG_WARN_ENUM_CONVERSION = YES;
				CLANG_WARN_INFINITE_RECURSION = YES;
				CLANG_WARN_INT_CONVERSION = YES;
				CLANG_WARN_NON_LITERAL_NULL_CONVERSION = YES;
				CLANG_WARN_OBJC_IMPLICIT_RETAIN_SELF = YES;
				CLANG_WARN_OBJC_LITERAL_CONVERSION = YES;
				CLANG_WARN_OBJC_ROOT_CLASS = YES_ERROR;
				CLANG_WARN_QUOTED_INCLUDE_IN_FRAMEWORK_HEADER = YES;
				CLANG_WARN_RANGE_LOOP_ANALYSIS = YES;
				CLANG_WARN_STRICT_PROTOTYPES = YES;
				CLANG_WARN_SUSPICIOUS_MOVE = YES;
				CLANG_WARN_UNGUARDED_AVAILABILITY = YES_AGGRESSIVE;
				CLANG_WARN_UNREACHABLE_CODE = YES;
				CLANG_WARN__DUPLICATE_METHOD_MATCH = YES;
				COPY_PHASE_STRIP = NO;
				DEBUG_INFORMATION_FORMAT = dwarf;
				ENABLE_STRICT_OBJC_MSGSEND = YES;
				ENABLE_TESTABILITY = YES;
				GCC_C_LANGUAGE_STANDARD = gnu11;
				GCC_DYNAMIC_NO_PIC = NO;
				GCC_NO_COMMON_BLOCKS = YES;
				GCC_OPTIMIZATION_LEVEL = 0;
				GCC_PREPROCESSOR_DEFINITIONS = (
					"DEBUG=1",
					"$(inherited)",
				);
				GCC_WARN_64_TO_32_BIT_CONVERSION = YES;
				GCC_WARN_ABOUT_RETURN_TYPE = YES_ERROR;
				GCC_WARN_UNDECLARED_SELECTOR = YES;
				GCC_WARN_UNINITIALIZED_AUTOS = YES_AGGRESSIVE;
				GCC_WARN_UNUSED_FUNCTION = YES;
				GCC_WARN_UNUSED_VARIABLE = YES;
				IPHONEOS_DEPLOYMENT_TARGET = 14.4;
				MTL_ENABLE_DEBUG_INFO = INCLUDE_SOURCE;
				MTL_FAST_MATH = YES;
				ONLY_ACTIVE_ARCH = YES;
				SDKROOT = iphoneos;
				SWIFT_ACTIVE_COMPILATION_CONDITIONS = DEBUG;
				SWIFT_OPTIMIZATION_LEVEL = "-Onone";
			};
			name = Debug;
		};
		B99465B925DECADD00A74A4F /* Release */ = {
			isa = XCBuildConfiguration;
			buildSettings = {
				ALWAYS_SEARCH_USER_PATHS = NO;
				CLANG_ANALYZER_NONNULL = YES;
				CLANG_ANALYZER_NUMBER_OBJECT_CONVERSION = YES_AGGRESSIVE;
				CLANG_CXX_LANGUAGE_STANDARD = "gnu++14";
				CLANG_CXX_LIBRARY = "libc++";
				CLANG_ENABLE_MODULES = YES;
				CLANG_ENABLE_OBJC_ARC = YES;
				CLANG_ENABLE_OBJC_WEAK = YES;
				CLANG_WARN_BLOCK_CAPTURE_AUTORELEASING = YES;
				CLANG_WARN_BOOL_CONVERSION = YES;
				CLANG_WARN_COMMA = YES;
				CLANG_WARN_CONSTANT_CONVERSION = YES;
				CLANG_WARN_DEPRECATED_OBJC_IMPLEMENTATIONS = YES;
				CLANG_WARN_DIRECT_OBJC_ISA_USAGE = YES_ERROR;
				CLANG_WARN_DOCUMENTATION_COMMENTS = YES;
				CLANG_WARN_EMPTY_BODY = YES;
				CLANG_WARN_ENUM_CONVERSION = YES;
				CLANG_WARN_INFINITE_RECURSION = YES;
				CLANG_WARN_INT_CONVERSION = YES;
				CLANG_WARN_NON_LITERAL_NULL_CONVERSION = YES;
				CLANG_WARN_OBJC_IMPLICIT_RETAIN_SELF = YES;
				CLANG_WARN_OBJC_LITERAL_CONVERSION = YES;
				CLANG_WARN_OBJC_ROOT_CLASS = YES_ERROR;
				CLANG_WARN_QUOTED_INCLUDE_IN_FRAMEWORK_HEADER = YES;
				CLANG_WARN_RANGE_LOOP_ANALYSIS = YES;
				CLANG_WARN_STRICT_PROTOTYPES = YES;
				CLANG_WARN_SUSPICIOUS_MOVE = YES;
				CLANG_WARN_UNGUARDED_AVAILABILITY = YES_AGGRESSIVE;
				CLANG_WARN_UNREACHABLE_CODE = YES;
				CLANG_WARN__DUPLICATE_METHOD_MATCH = YES;
				COPY_PHASE_STRIP = NO;
				DEBUG_INFORMATION_FORMAT = "dwarf-with-dsym";
				ENABLE_NS_ASSERTIONS = NO;
				ENABLE_STRICT_OBJC_MSGSEND = YES;
				GCC_C_LANGUAGE_STANDARD = gnu11;
				GCC_NO_COMMON_BLOCKS = YES;
				GCC_WARN_64_TO_32_BIT_CONVERSION = YES;
				GCC_WARN_ABOUT_RETURN_TYPE = YES_ERROR;
				GCC_WARN_UNDECLARED_SELECTOR = YES;
				GCC_WARN_UNINITIALIZED_AUTOS = YES_AGGRESSIVE;
				GCC_WARN_UNUSED_FUNCTION = YES;
				GCC_WARN_UNUSED_VARIABLE = YES;
				IPHONEOS_DEPLOYMENT_TARGET = 14.4;
				MTL_ENABLE_DEBUG_INFO = NO;
				MTL_FAST_MATH = YES;
				SDKROOT = iphoneos;
				SWIFT_COMPILATION_MODE = wholemodule;
				SWIFT_OPTIMIZATION_LEVEL = "-O";
				VALIDATE_PRODUCT = YES;
			};
			name = Release;
		};
		B99465BB25DECADD00A74A4F /* Debug */ = {
			isa = XCBuildConfiguration;
			buildSettings = {
				ASSETCATALOG_COMPILER_APPICON_NAME = AppIcon;
				ASSETCATALOG_COMPILER_GLOBAL_ACCENT_COLOR_NAME = AccentColor;
				CODE_SIGN_IDENTITY = "Apple Development";
				CODE_SIGN_STYLE = Automatic;
				DEVELOPMENT_TEAM = M7UG84UYVG;
				INFOPLIST_FILE = "$(SRCROOT)/Vidstagram/Application/Info.plist";
				LD_RUNPATH_SEARCH_PATHS = (
					"$(inherited)",
					"@executable_path/Frameworks",
				);
				PRODUCT_BUNDLE_IDENTIFIER = com.zaycev.vidstagram;
				PRODUCT_NAME = "$(TARGET_NAME)";
				PROVISIONING_PROFILE_SPECIFIER = "";
				SWIFT_VERSION = 5.0;
				TARGETED_DEVICE_FAMILY = 1;
			};
			name = Debug;
		};
		B99465BC25DECADD00A74A4F /* Release */ = {
			isa = XCBuildConfiguration;
			buildSettings = {
				ASSETCATALOG_COMPILER_APPICON_NAME = AppIcon;
				ASSETCATALOG_COMPILER_GLOBAL_ACCENT_COLOR_NAME = AccentColor;
				CODE_SIGN_IDENTITY = "Apple Development";
				CODE_SIGN_STYLE = Automatic;
				DEVELOPMENT_TEAM = M7UG84UYVG;
				INFOPLIST_FILE = "$(SRCROOT)/Vidstagram/Application/Info.plist";
				LD_RUNPATH_SEARCH_PATHS = (
					"$(inherited)",
					"@executable_path/Frameworks",
				);
				PRODUCT_BUNDLE_IDENTIFIER = com.zaycev.vidstagram;
				PRODUCT_NAME = "$(TARGET_NAME)";
				PROVISIONING_PROFILE_SPECIFIER = "";
				SWIFT_VERSION = 5.0;
				TARGETED_DEVICE_FAMILY = 1;
			};
			name = Release;
		};
/* End XCBuildConfiguration section */

/* Begin XCConfigurationList section */
		B99465A125DECADD00A74A4F /* Build configuration list for PBXProject "Vidstagram" */ = {
			isa = XCConfigurationList;
			buildConfigurations = (
				B99465B825DECADD00A74A4F /* Debug */,
				B99465B925DECADD00A74A4F /* Release */,
			);
			defaultConfigurationIsVisible = 0;
			defaultConfigurationName = Release;
		};
		B99465BA25DECADD00A74A4F /* Build configuration list for PBXNativeTarget "Vidstagram" */ = {
			isa = XCConfigurationList;
			buildConfigurations = (
				B99465BB25DECADD00A74A4F /* Debug */,
				B99465BC25DECADD00A74A4F /* Release */,
			);
			defaultConfigurationIsVisible = 0;
			defaultConfigurationName = Release;
		};
/* End XCConfigurationList section */

/* Begin XCRemoteSwiftPackageReference section */
		B922CBBB25E48BA700F52380 /* XCRemoteSwiftPackageReference "firebase-ios-sdk" */ = {
			isa = XCRemoteSwiftPackageReference;
			repositoryURL = "https://github.com/firebase/firebase-ios-sdk.git";
			requirement = {
				kind = upToNextMajorVersion;
				minimumVersion = 7.6.0;
			};
		};
/* End XCRemoteSwiftPackageReference section */

/* Begin XCSwiftPackageProductDependency section */
		B922CBBC25E48BA700F52380 /* FirebaseFirestoreSwift-Beta */ = {
			isa = XCSwiftPackageProductDependency;
			package = B922CBBB25E48BA700F52380 /* XCRemoteSwiftPackageReference "firebase-ios-sdk" */;
			productName = "FirebaseFirestoreSwift-Beta";
		};
		B922CBBE25E48BA700F52380 /* FirebaseAuth */ = {
			isa = XCSwiftPackageProductDependency;
			package = B922CBBB25E48BA700F52380 /* XCRemoteSwiftPackageReference "firebase-ios-sdk" */;
			productName = FirebaseAuth;
		};
		B922CBC025E48BA700F52380 /* FirebaseStorageSwift-Beta */ = {
			isa = XCSwiftPackageProductDependency;
			package = B922CBBB25E48BA700F52380 /* XCRemoteSwiftPackageReference "firebase-ios-sdk" */;
			productName = "FirebaseStorageSwift-Beta";
		};
		B922CBC225E48BA700F52380 /* FirebaseDatabase */ = {
			isa = XCSwiftPackageProductDependency;
			package = B922CBBB25E48BA700F52380 /* XCRemoteSwiftPackageReference "firebase-ios-sdk" */;
			productName = FirebaseDatabase;
		};
/* End XCSwiftPackageProductDependency section */
	};
	rootObject = B994659E25DECADD00A74A4F /* Project object */;
}
